
Microsoft Visual Studio Solution File, Format Version 12.00
# Visual Studio Version 16
VisualStudioVersion = 16.0.29613.14
MinimumVisualStudioVersion = 10.0.40219.1
Project("{FAE04EC0-301F-11D3-BF4B-00C04F79EFBC}") = "C969 - BOP1 - BBruton - Scheduling Project", "C969 - BOP1 - BBruton - Scheduling Project.csproj", "{3D03A133-BC69-4F28-A009-056ADD57D877}"
EndProject
Global
	GlobalSection(SolutionConfigurationPlatforms) = preSolution
		Debug|Any CPU = Debug|Any CPU
		Release|Any CPU = Release|Any CPU
	EndGlobalSection
	GlobalSection(ProjectConfigurationPlatforms) = postSolution
		{3D03A133-BC69-4F28-A009-056ADD57D877}.Debug|Any CPU.ActiveCfg = Debug|Any CPU
		{3D03A133-BC69-4F28-A009-056ADD57D877}.Debug|Any CPU.Build.0 = Debug|Any CPU
		{3D03A133-BC69-4F28-A009-056ADD57D877}.Release|Any CPU.ActiveCfg = Release|Any CPU
		{3D03A133-BC69-4F28-A009-056ADD57D877}.Release|Any CPU.Build.0 = Release|Any CPU
	EndGlobalSection
	GlobalSection(SolutionProperties) = preSolution
		HideSolutionNode = FALSE
	EndGlobalSection
	GlobalSection(ExtensibilityGlobals) = postSolution
		SolutionGuid = {43628E40-56A9-40DE-8748-33D49E5F2F63}
	EndGlobalSection
EndGlobal
